
Microsoft Visual Studio Solution File, Format Version 12.00
# Visual Studio 15
VisualStudioVersion = 15.0.28307.1022
MinimumVisualStudioVersion = 10.0.40219.1
Project("{FAE04EC0-301F-11D3-BF4B-00C04F79EFBC}") = "capaDominio", "capaDominio\capaDominio.csproj", "{59EA4DA7-15AC-4831-8C57-3EF31802A181}"
EndProject
Global
	GlobalSection(SolutionConfigurationPlatforms) = preSolution
		Debug|Any CPU = Debug|Any CPU
		Release|Any CPU = Release|Any CPU
	EndGlobalSection
	GlobalSection(ProjectConfigurationPlatforms) = postSolution
		{59EA4DA7-15AC-4831-8C57-3EF31802A181}.Debug|Any CPU.ActiveCfg = Debug|Any CPU
		{59EA4DA7-15AC-4831-8C57-3EF31802A181}.Debug|Any CPU.Build.0 = Debug|Any CPU
		{59EA4DA7-15AC-4831-8C57-3EF31802A181}.Release|Any CPU.ActiveCfg = Release|Any CPU
		{59EA4DA7-15AC-4831-8C57-3EF31802A181}.Release|Any CPU.Build.0 = Release|Any CPU
	EndGlobalSection
	GlobalSection(SolutionProperties) = preSolution
		HideSolutionNode = FALSE
	EndGlobalSection
	GlobalSection(ExtensibilityGlobals) = postSolution
		SolutionGuid = {8D2FCE96-F505-4151-A4E5-A696FAD36519}
	EndGlobalSection
EndGlobal
